
Microsoft Visual Studio Solution File, Format Version 12.00
# Visual Studio 2012
Project("{FAE04EC0-301F-11D3-BF4B-00C04F79EFBC}") = "WinSendFileToSerial", "WinSendFileToSerial\WinSendFileToSerial.csproj", "{0BFAE69F-B351-48B6-9431-2D10A3EEE71B}"
EndProject
Global
	GlobalSection(SolutionConfigurationPlatforms) = preSolution
		Debug|Any CPU = Debug|Any CPU
		Release|Any CPU = Release|Any CPU
	EndGlobalSection
	GlobalSection(ProjectConfigurationPlatforms) = postSolution
		{0BFAE69F-B351-48B6-9431-2D10A3EEE71B}.Debug|Any CPU.ActiveCfg = Debug|Any CPU
		{0BFAE69F-B351-48B6-9431-2D10A3EEE71B}.Debug|Any CPU.Build.0 = Debug|Any CPU
		{0BFAE69F-B351-48B6-9431-2D10A3EEE71B}.Release|Any CPU.ActiveCfg = Release|Any CPU
		{0BFAE69F-B351-48B6-9431-2D10A3EEE71B}.Release|Any CPU.Build.0 = Release|Any CPU
	EndGlobalSection
	GlobalSection(SolutionProperties) = preSolution
		HideSolutionNode = FALSE
	EndGlobalSection
EndGlobal
